
Microsoft Visual Studio Solution File, Format Version 12.00
# Visual Studio Version 17
VisualStudioVersion = 17.8.34525.116
MinimumVisualStudioVersion = 10.0.40219.1
Project("{FAE04EC0-301F-11D3-BF4B-00C04F79EFBC}") = "India_Mart_Api", "India_Mart_Api.csproj", "{BF62213D-01F8-426B-9399-535A47978E48}"
EndProject
Global
	GlobalSection(SolutionConfigurationPlatforms) = preSolution
		Debug|Any CPU = Debug|Any CPU
		Release|Any CPU = Release|Any CPU
	EndGlobalSection
	GlobalSection(ProjectConfigurationPlatforms) = postSolution
		{BF62213D-01F8-426B-9399-535A47978E48}.Debug|Any CPU.ActiveCfg = Debug|Any CPU
		{BF62213D-01F8-426B-9399-535A47978E48}.Debug|Any CPU.Build.0 = Debug|Any CPU
		{BF62213D-01F8-426B-9399-535A47978E48}.Release|Any CPU.ActiveCfg = Release|Any CPU
		{BF62213D-01F8-426B-9399-535A47978E48}.Release|Any CPU.Build.0 = Release|Any CPU
	EndGlobalSection
	GlobalSection(SolutionProperties) = preSolution
		HideSolutionNode = FALSE
	EndGlobalSection
	GlobalSection(ExtensibilityGlobals) = postSolution
		SolutionGuid = {DCC8CB40-6810-4A95-8552-B41A09370190}
	EndGlobalSection
EndGlobal
